
Microsoft Visual Studio Solution File, Format Version 12.00
# Visual Studio Version 17
VisualStudioVersion = 17.2.32317.152
MinimumVisualStudioVersion = 10.0.40219.1
Project("{9A19103F-16F7-4668-BE54-9A1E7A4F7556}") = "TorrentTest", "src\TorrentTest\TorrentTest.csproj", "{86428C35-2F1E-485D-9860-E61A0295F32F}"
EndProject
Project("{9A19103F-16F7-4668-BE54-9A1E7A4F7556}") = "GaleonServer.Api", "src\GaleonServer\GaleonServer.Api\GaleonServer.Api.csproj", "{27F1B059-B679-4D30-93F4-DF7A1296F6A9}"
EndProject
Project("{9A19103F-16F7-4668-BE54-9A1E7A4F7556}") = "GaleonServer.Core", "src\GaleonServer\GaleonServer.Core\GaleonServer.Core.csproj", "{6F61902D-8221-4E99-9CE1-66B12C6EEDB2}"
EndProject
Project("{9A19103F-16F7-4668-BE54-9A1E7A4F7556}") = "GaleonServer.Infrastructure", "src\GaleonServer\GaleonServer.Infrastructure\GaleonServer.Infrastructure.csproj", "{4DCABCF2-2958-42A8-B507-5041B47C5907}"
EndProject
Project("{9A19103F-16F7-4668-BE54-9A1E7A4F7556}") = "GaleonDesktop.App", "src\GaleonDesktop.App\GaleonDesktop.App.csproj", "{4E5CDF91-5603-4093-B95F-C64FDC734CFF}"
EndProject
Project("{9A19103F-16F7-4668-BE54-9A1E7A4F7556}") = "GaleonServer.Models", "src\GaleonServer\GaleonServer.Models\GaleonServer.Models.csproj", "{E70C5D93-50CB-4654-B362-38543312DBAB}"
EndProject
Project("{9A19103F-16F7-4668-BE54-9A1E7A4F7556}") = "GaleonServer.Interfaces", "src\GaleonServer\GaleonServer.Interfaces\GaleonServer.Interfaces.csproj", "{07861834-7CA6-4D3E-B76B-A439FCAA72EC}"
EndProject
Project("{E53339B2-1760-4266-BCC7-CA923CBCF16C}") = "docker-compose", "docker-compose.dcproj", "{F410C6A7-1A07-4B05-AE07-467E0904D41E}"
EndProject
Global
	GlobalSection(SolutionConfigurationPlatforms) = preSolution
		Debug|Any CPU = Debug|Any CPU
		Release|Any CPU = Release|Any CPU
	EndGlobalSection
	GlobalSection(ProjectConfigurationPlatforms) = postSolution
		{86428C35-2F1E-485D-9860-E61A0295F32F}.Debug|Any CPU.ActiveCfg = Debug|Any CPU
		{86428C35-2F1E-485D-9860-E61A0295F32F}.Debug|Any CPU.Build.0 = Debug|Any CPU
		{86428C35-2F1E-485D-9860-E61A0295F32F}.Release|Any CPU.ActiveCfg = Release|Any CPU
		{86428C35-2F1E-485D-9860-E61A0295F32F}.Release|Any CPU.Build.0 = Release|Any CPU
		{27F1B059-B679-4D30-93F4-DF7A1296F6A9}.Debug|Any CPU.ActiveCfg = Debug|Any CPU
		{27F1B059-B679-4D30-93F4-DF7A1296F6A9}.Debug|Any CPU.Build.0 = Debug|Any CPU
		{27F1B059-B679-4D30-93F4-DF7A1296F6A9}.Release|Any CPU.ActiveCfg = Release|Any CPU
		{27F1B059-B679-4D30-93F4-DF7A1296F6A9}.Release|Any CPU.Build.0 = Release|Any CPU
		{6F61902D-8221-4E99-9CE1-66B12C6EEDB2}.Debug|Any CPU.ActiveCfg = Debug|Any CPU
		{6F61902D-8221-4E99-9CE1-66B12C6EEDB2}.Debug|Any CPU.Build.0 = Debug|Any CPU
		{6F61902D-8221-4E99-9CE1-66B12C6EEDB2}.Release|Any CPU.ActiveCfg = Release|Any CPU
		{6F61902D-8221-4E99-9CE1-66B12C6EEDB2}.Release|Any CPU.Build.0 = Release|Any CPU
		{4DCABCF2-2958-42A8-B507-5041B47C5907}.Debug|Any CPU.ActiveCfg = Debug|Any CPU
		{4DCABCF2-2958-42A8-B507-5041B47C5907}.Debug|Any CPU.Build.0 = Debug|Any CPU
		{4DCABCF2-2958-42A8-B507-5041B47C5907}.Release|Any CPU.ActiveCfg = Release|Any CPU
		{4DCABCF2-2958-42A8-B507-5041B47C5907}.Release|Any CPU.Build.0 = Release|Any CPU
		{4E5CDF91-5603-4093-B95F-C64FDC734CFF}.Debug|Any CPU.ActiveCfg = Debug|Any CPU
		{4E5CDF91-5603-4093-B95F-C64FDC734CFF}.Debug|Any CPU.Build.0 = Debug|Any CPU
		{4E5CDF91-5603-4093-B95F-C64FDC734CFF}.Debug|Any CPU.Deploy.0 = Debug|Any CPU
		{4E5CDF91-5603-4093-B95F-C64FDC734CFF}.Release|Any CPU.ActiveCfg = Release|Any CPU
		{4E5CDF91-5603-4093-B95F-C64FDC734CFF}.Release|Any CPU.Build.0 = Release|Any CPU
		{4E5CDF91-5603-4093-B95F-C64FDC734CFF}.Release|Any CPU.Deploy.0 = Release|Any CPU
		{E70C5D93-50CB-4654-B362-38543312DBAB}.Debug|Any CPU.ActiveCfg = Debug|Any CPU
		{E70C5D93-50CB-4654-B362-38543312DBAB}.Debug|Any CPU.Build.0 = Debug|Any CPU
		{E70C5D93-50CB-4654-B362-38543312DBAB}.Release|Any CPU.ActiveCfg = Release|Any CPU
		{E70C5D93-50CB-4654-B362-38543312DBAB}.Release|Any CPU.Build.0 = Release|Any CPU
		{07861834-7CA6-4D3E-B76B-A439FCAA72EC}.Debug|Any CPU.ActiveCfg = Debug|Any CPU
		{07861834-7CA6-4D3E-B76B-A439FCAA72EC}.Debug|Any CPU.Build.0 = Debug|Any CPU
		{07861834-7CA6-4D3E-B76B-A439FCAA72EC}.Release|Any CPU.ActiveCfg = Release|Any CPU
		{07861834-7CA6-4D3E-B76B-A439FCAA72EC}.Release|Any CPU.Build.0 = Release|Any CPU
		{F410C6A7-1A07-4B05-AE07-467E0904D41E}.Debug|Any CPU.ActiveCfg = Debug|Any CPU
		{F410C6A7-1A07-4B05-AE07-467E0904D41E}.Debug|Any CPU.Build.0 = Debug|Any CPU
		{F410C6A7-1A07-4B05-AE07-467E0904D41E}.Release|Any CPU.ActiveCfg = Release|Any CPU
		{F410C6A7-1A07-4B05-AE07-467E0904D41E}.Release|Any CPU.Build.0 = Release|Any CPU
	EndGlobalSection
	GlobalSection(SolutionProperties) = preSolution
		HideSolutionNode = FALSE
	EndGlobalSection
	GlobalSection(ExtensibilityGlobals) = postSolution
		SolutionGuid = {5163FDCD-C019-44DD-80CC-1FAEBB755125}
	EndGlobalSection
EndGlobal
