
Microsoft Visual Studio Solution File, Format Version 12.00
# Visual Studio Version 17
VisualStudioVersion = 17.2.32317.152
MinimumVisualStudioVersion = 10.0.40219.1
Project("{9A19103F-16F7-4668-BE54-9A1E7A4F7556}") = "TorrentTest", "src\TorrentTest\TorrentTest.csproj", "{86428C35-2F1E-485D-9860-E61A0295F32F}"
EndProject
Project("{9A19103F-16F7-4668-BE54-9A1E7A4F7556}") = "GaleonServer.Api", "src\GaleonServer\GaleonServer.Api\GaleonServer.Api.csproj", "{27F1B059-B679-4D30-93F4-DF7A1296F6A9}"
EndProject
Project("{9A19103F-16F7-4668-BE54-9A1E7A4F7556}") = "GaleonServer.Core", "src\GaleonServer\GaleonServer.Core\GaleonServer.Core.csproj", "{6F61902D-8221-4E99-9CE1-66B12C6EEDB2}"
EndProject
Project("{9A19103F-16F7-4668-BE54-9A1E7A4F7556}") = "GaleonServer.Infrastructure", "src\GaleonServer\GaleonServer.Infrastructure\GaleonServer.Infrastructure.csproj", "{4DCABCF2-2958-42A8-B507-5041B47C5907}"
EndProject
Project("{9A19103F-16F7-4668-BE54-9A1E7A4F7556}") = "GaleonDesktop.App", "src\GaleonDesktop.App\GaleonDesktop.App.csproj", "{4E5CDF91-5603-4093-B95F-C64FDC734CFF}"
EndProject
Project("{9A19103F-16F7-4668-BE54-9A1E7A4F7556}") = "GaleonServer.Models", "src\GaleonServer\GaleonServer.Models\GaleonServer.Models.csproj", "{E70C5D93-50CB-4654-B362-38543312DBAB}"
EndProject
Project("{9A19103F-16F7-4668-BE54-9A1E7A4F7556}") = "GaleonServer.Interfaces", "src\GaleonServer\GaleonServer.Interfaces\GaleonServer.Interfaces.csproj", "{07861834-7CA6-4D3E-B76B-A439FCAA72EC}"
EndProject
Project("{E53339B2-1760-4266-BCC7-CA923CBCF16C}") = "docker-compose", "docker-compose.dcproj", "{F410C6A7-1A07-4B05-AE07-467E0904D41E}"
EndProject
Project("{2150E333-8FDC-42A3-9474-1A3956D46DE8}") = "integration_tests", "integration_tests", "{BD42E0FB-DD23-4805-B4E9-C874695C6A92}"
EndProject
Project("{2150E333-8FDC-42A3-9474-1A3956D46DE8}") = "unit_tests", "unit_tests", "{F3F3C2D1-8404-4986-94AD-065B33150DA2}"
EndProject
Project("{9A19103F-16F7-4668-BE54-9A1E7A4F7556}") = "GaleonServer.UnitTests", "src\unit_tests\GaleonServer.UnitTests\GaleonServer.UnitTests.csproj", "{3AF0EF9F-C5BA-42FE-99D4-DD4CC3145110}"
EndProject
Project("{9A19103F-16F7-4668-BE54-9A1E7A4F7556}") = "GaleonServer.BehaviourContractTests", "src\integration_tests\GaleonServer.BehaviourContractTests\GaleonServer.BehaviourContractTests.csproj", "{456D022B-1E75-41A0-A440-8F9204B62A2F}"
EndProject
Project("{9A19103F-16F7-4668-BE54-9A1E7A4F7556}") = "Torrent.NET", "src\Torrent.NET\Torrent.NET.csproj", "{8A4E5452-92CB-4B93-8513-C2F47E4C2173}"
EndProject
Global
	GlobalSection(SolutionConfigurationPlatforms) = preSolution
		Debug|Any CPU = Debug|Any CPU
		Release|Any CPU = Release|Any CPU
	EndGlobalSection
	GlobalSection(ProjectConfigurationPlatforms) = postSolution
		{86428C35-2F1E-485D-9860-E61A0295F32F}.Debug|Any CPU.ActiveCfg = Debug|Any CPU
		{86428C35-2F1E-485D-9860-E61A0295F32F}.Debug|Any CPU.Build.0 = Debug|Any CPU
		{86428C35-2F1E-485D-9860-E61A0295F32F}.Release|Any CPU.ActiveCfg = Release|Any CPU
		{86428C35-2F1E-485D-9860-E61A0295F32F}.Release|Any CPU.Build.0 = Release|Any CPU
		{27F1B059-B679-4D30-93F4-DF7A1296F6A9}.Debug|Any CPU.ActiveCfg = Debug|Any CPU
		{27F1B059-B679-4D30-93F4-DF7A1296F6A9}.Debug|Any CPU.Build.0 = Debug|Any CPU
		{27F1B059-B679-4D30-93F4-DF7A1296F6A9}.Release|Any CPU.ActiveCfg = Release|Any CPU
		{27F1B059-B679-4D30-93F4-DF7A1296F6A9}.Release|Any CPU.Build.0 = Release|Any CPU
		{6F61902D-8221-4E99-9CE1-66B12C6EEDB2}.Debug|Any CPU.ActiveCfg = Debug|Any CPU
		{6F61902D-8221-4E99-9CE1-66B12C6EEDB2}.Debug|Any CPU.Build.0 = Debug|Any CPU
		{6F61902D-8221-4E99-9CE1-66B12C6EEDB2}.Release|Any CPU.ActiveCfg = Release|Any CPU
		{6F61902D-8221-4E99-9CE1-66B12C6EEDB2}.Release|Any CPU.Build.0 = Release|Any CPU
		{4DCABCF2-2958-42A8-B507-5041B47C5907}.Debug|Any CPU.ActiveCfg = Debug|Any CPU
		{4DCABCF2-2958-42A8-B507-5041B47C5907}.Debug|Any CPU.Build.0 = Debug|Any CPU
		{4DCABCF2-2958-42A8-B507-5041B47C5907}.Release|Any CPU.ActiveCfg = Release|Any CPU
		{4DCABCF2-2958-42A8-B507-5041B47C5907}.Release|Any CPU.Build.0 = Release|Any CPU
		{4E5CDF91-5603-4093-B95F-C64FDC734CFF}.Debug|Any CPU.ActiveCfg = Debug|Any CPU
		{4E5CDF91-5603-4093-B95F-C64FDC734CFF}.Debug|Any CPU.Build.0 = Debug|Any CPU
		{4E5CDF91-5603-4093-B95F-C64FDC734CFF}.Debug|Any CPU.Deploy.0 = Debug|Any CPU
		{4E5CDF91-5603-4093-B95F-C64FDC734CFF}.Release|Any CPU.ActiveCfg = Release|Any CPU
		{4E5CDF91-5603-4093-B95F-C64FDC734CFF}.Release|Any CPU.Build.0 = Release|Any CPU
		{4E5CDF91-5603-4093-B95F-C64FDC734CFF}.Release|Any CPU.Deploy.0 = Release|Any CPU
		{E70C5D93-50CB-4654-B362-38543312DBAB}.Debug|Any CPU.ActiveCfg = Debug|Any CPU
		{E70C5D93-50CB-4654-B362-38543312DBAB}.Debug|Any CPU.Build.0 = Debug|Any CPU
		{E70C5D93-50CB-4654-B362-38543312DBAB}.Release|Any CPU.ActiveCfg = Release|Any CPU
		{E70C5D93-50CB-4654-B362-38543312DBAB}.Release|Any CPU.Build.0 = Release|Any CPU
		{07861834-7CA6-4D3E-B76B-A439FCAA72EC}.Debug|Any CPU.ActiveCfg = Debug|Any CPU
		{07861834-7CA6-4D3E-B76B-A439FCAA72EC}.Debug|Any CPU.Build.0 = Debug|Any CPU
		{07861834-7CA6-4D3E-B76B-A439FCAA72EC}.Release|Any CPU.ActiveCfg = Release|Any CPU
		{07861834-7CA6-4D3E-B76B-A439FCAA72EC}.Release|Any CPU.Build.0 = Release|Any CPU
		{F410C6A7-1A07-4B05-AE07-467E0904D41E}.Debug|Any CPU.ActiveCfg = Debug|Any CPU
		{F410C6A7-1A07-4B05-AE07-467E0904D41E}.Debug|Any CPU.Build.0 = Debug|Any CPU
		{F410C6A7-1A07-4B05-AE07-467E0904D41E}.Release|Any CPU.ActiveCfg = Release|Any CPU
		{F410C6A7-1A07-4B05-AE07-467E0904D41E}.Release|Any CPU.Build.0 = Release|Any CPU
		{3AF0EF9F-C5BA-42FE-99D4-DD4CC3145110}.Debug|Any CPU.ActiveCfg = Debug|Any CPU
		{3AF0EF9F-C5BA-42FE-99D4-DD4CC3145110}.Debug|Any CPU.Build.0 = Debug|Any CPU
		{3AF0EF9F-C5BA-42FE-99D4-DD4CC3145110}.Release|Any CPU.ActiveCfg = Release|Any CPU
		{3AF0EF9F-C5BA-42FE-99D4-DD4CC3145110}.Release|Any CPU.Build.0 = Release|Any CPU
		{456D022B-1E75-41A0-A440-8F9204B62A2F}.Debug|Any CPU.ActiveCfg = Debug|Any CPU
		{456D022B-1E75-41A0-A440-8F9204B62A2F}.Debug|Any CPU.Build.0 = Debug|Any CPU
		{456D022B-1E75-41A0-A440-8F9204B62A2F}.Release|Any CPU.ActiveCfg = Release|Any CPU
		{456D022B-1E75-41A0-A440-8F9204B62A2F}.Release|Any CPU.Build.0 = Release|Any CPU
		{8A4E5452-92CB-4B93-8513-C2F47E4C2173}.Debug|Any CPU.ActiveCfg = Debug|Any CPU
		{8A4E5452-92CB-4B93-8513-C2F47E4C2173}.Debug|Any CPU.Build.0 = Debug|Any CPU
		{8A4E5452-92CB-4B93-8513-C2F47E4C2173}.Release|Any CPU.ActiveCfg = Release|Any CPU
		{8A4E5452-92CB-4B93-8513-C2F47E4C2173}.Release|Any CPU.Build.0 = Release|Any CPU
	EndGlobalSection
	GlobalSection(SolutionProperties) = preSolution
		HideSolutionNode = FALSE
	EndGlobalSection
	GlobalSection(NestedProjects) = preSolution
		{3AF0EF9F-C5BA-42FE-99D4-DD4CC3145110} = {F3F3C2D1-8404-4986-94AD-065B33150DA2}
		{456D022B-1E75-41A0-A440-8F9204B62A2F} = {BD42E0FB-DD23-4805-B4E9-C874695C6A92}
	EndGlobalSection
	GlobalSection(ExtensibilityGlobals) = postSolution
		SolutionGuid = {5163FDCD-C019-44DD-80CC-1FAEBB755125}
	EndGlobalSection
EndGlobal
